<?xml version="1.0" encoding="utf-8"?>
<Project ToolsVersion="4.0" xmlns="http://schemas.microsoft.com/developer/msbuild/2003">
  <ItemGroup>
    <None Include="packages.config" />
  </ItemGroup>
  <ItemGroup>
    <ClCompile Include="Source\Application.cpp" />
    <ClCompile Include="Source\Camera.cpp" />
    <ClCompile Include="Source\Context.cpp" />
    <ClCompile Include="Source\Main.cpp" />
    <ClCompile Include="Source\Model.cpp" />
    <ClCompile Include="Source\Maths\Matrix.cpp">
      <Filter>Maths</Filter>
    </ClCompile>
    <ClCompile Include="Source\Player\Player.cpp">
      <Filter>Player</Filter>
    </ClCompile>
    <ClCompile Include="Source\Renderer\QuadRenderer.cpp">
      <Filter>Renderer</Filter>
    </ClCompile>
    <ClCompile Include="Source\Renderer\RenderMaster.cpp">
      <Filter>Renderer</Filter>
    </ClCompile>
    <ClCompile Include="Source\Shaders\BasicShader.cpp">
      <Filter>Shaders</Filter>
    </ClCompile>
    <ClCompile Include="Source\Shaders\ShaderLoader.cpp">
      <Filter>Shaders</Filter>
    </ClCompile>
    <ClCompile Include="Source\Shaders\Shader.cpp">
      <Filter>Shaders</Filter>
    </ClCompile>
    <ClCompile Include="Source\States\PlayingState.cpp">
      <Filter>States</Filter>
    </ClCompile>
    <ClCompile Include="Source\Texture\BasicTexture.cpp">
      <Filter>Texture</Filter>
    </ClCompile>
    <ClCompile Include="Source\Util\FileUtil.cpp">
      <Filter>Util</Filter>
    </ClCompile>
    <ClCompile Include="Source\Util\Random.cpp">
      <Filter>Util</Filter>
    </ClCompile>
  </ItemGroup>
  <ItemGroup>
    <ClInclude Include="Source\Application.h" />
    <ClInclude Include="Source\Camera.h" />
    <ClInclude Include="Source\Context.h" />
    <ClInclude Include="Source\Entity.h" />
    <ClInclude Include="Source\Model.h" />
    <ClInclude Include="Source\Maths\glm.h">
      <Filter>Maths</Filter>
    </ClInclude>
    <ClInclude Include="Source\Maths\Matrix.h">
      <Filter>Maths</Filter>
    </ClInclude>
    <ClInclude Include="Source\Player\Player.h">
      <Filter>Player</Filter>
    </ClInclude>
    <ClInclude Include="Source\Renderer\QuadRenderer.h">
      <Filter>Renderer</Filter>
    </ClInclude>
    <ClInclude Include="Source\Renderer\RenderMaster.h">
      <Filter>Renderer</Filter>
    </ClInclude>
    <ClInclude Include="Source\Shaders\BasicShader.h">
      <Filter>Shaders</Filter>
    </ClInclude>
    <ClInclude Include="Source\Shaders\ShaderLoader.h">
      <Filter>Shaders</Filter>
    </ClInclude>
    <ClInclude Include="Source\Shaders\Shader.h">
      <Filter>Shaders</Filter>
    </ClInclude>
    <ClInclude Include="Source\States\PlayingState.h">
      <Filter>States</Filter>
    </ClInclude>
    <ClInclude Include="Source\States\StateBase.h">
      <Filter>States</Filter>
    </ClInclude>
    <ClInclude Include="Source\Texture\BasicTexture.h">
      <Filter>Texture</Filter>
    </ClInclude>
    <ClInclude Include="Source\Util\FileUtil.h">
      <Filter>Util</Filter>
    </ClInclude>
    <ClInclude Include="Source\Util\NonCopyable.h">
      <Filter>Util</Filter>
    </ClInclude>
    <ClInclude Include="Source\Util\Random.h">
      <Filter>Util</Filter>
    </ClInclude>
    <ClInclude Include="Source\Util\Singleton.h">
      <Filter>Util</Filter>
    </ClInclude>
  </ItemGroup>
  <ItemGroup>
    <Filter Include="Maths">
      <UniqueIdentifier>{c89fd61c-6b13-43f5-a38d-6aea8577a603}</UniqueIdentifier>
    </Filter>
    <Filter Include="Player">
      <UniqueIdentifier>{a38a8a3a-c343-4858-ad02-fe5ef0a0b17b}</UniqueIdentifier>
    </Filter>
    <Filter Include="Renderer">
      <UniqueIdentifier>{492f8c2e-c365-42af-8c15-8da740887933}</UniqueIdentifier>
    </Filter>
    <Filter Include="Shaders">
      <UniqueIdentifier>{ea5d108d-d624-4612-b779-92176f3cf0ec}</UniqueIdentifier>
    </Filter>
    <Filter Include="States">
      <UniqueIdentifier>{03167525-ab0c-4376-b3bb-97a25affaa82}</UniqueIdentifier>
    </Filter>
    <Filter Include="Texture">
      <UniqueIdentifier>{3dfd14a2-aa64-49c6-b172-d7fc6f88f7f8}</UniqueIdentifier>
    </Filter>
    <Filter Include="Util">
      <UniqueIdentifier>{1c521039-8fd6-48b3-94e6-a88becdfe367}</UniqueIdentifier>
    </Filter>
  </ItemGroup>
</Project>